# THIS IS AN AUTOGENERATED FILE. DO NOT EDIT THIS FILE DIRECTLY.
# yarn lockfile v1


date-fns@^2.23.0:
  version "2.23.0"
  resolved "https://registry.yarnpkg.com/date-fns/-/date-fns-2.23.0.tgz#4e886c941659af0cf7b30fafdd1eaa37e88788a9"
  integrity sha512-5ycpauovVyAk0kXNZz6ZoB9AYMZB4DObse7P3BPWmyEjXNORTI8EJ6X0uaSAq4sCHzM1uajzrkr6HnsLQpxGXA==

log-with-style@^0.3.0:
  version "0.3.0"
  resolved "https://registry.yarnpkg.com/log-with-style/-/log-with-style-0.3.0.tgz#98ae112fd48451cd2551615dd210992583e19ce9"
  integrity sha1-mK4RL9SEUc0lUWFd0hCZJYPhnOk=

loglevel@^1.6.7:
  version "1.6.7"
  resolved "https://registry.yarnpkg.com/loglevel/-/loglevel-1.6.7.tgz#b3e034233188c68b889f5b862415306f565e2c56"
  integrity sha512-cY2eLFrQSAfVPhCgH1s7JI73tMbg9YC3v3+ZHVW67sBS7UxWzNEk/ZBbSfLykBWHp33dqqtOv82gjhKEi81T/A==

typescript@^4.3.5:
  version "4.3.5"
  resolved "https://registry.yarnpkg.com/typescript/-/typescript-4.3.5.tgz#4d1c37cc16e893973c45a06886b7113234f119f4"
  integrity sha512-DqQgihaQ9cUrskJo9kIyW/+g0Vxsk8cDtZ52a3NGh0YNTfpUSArXSohyUGnvbPazEPLu398C0UxmKSOrPumUzA==
